
Microsoft Visual Studio Solution File, Format Version 12.00
# Visual Studio Version 17
VisualStudioVersion = 17.6.33815.320
MinimumVisualStudioVersion = 10.0.40219.1
Project("{FAE04EC0-301F-11D3-BF4B-00C04F79EFBC}") = "CarBookingApp", "CarBookingApp\CarBookingApp.csproj", "{372285EA-DF92-42FA-9F15-1733F3C7CCA9}"
EndProject
Project("{FAE04EC0-301F-11D3-BF4B-00C04F79EFBC}") = "CarBookingApp.Data", "CarBookingApp.Data\CarBookingApp.Data.csproj", "{4CDF32BD-0C24-49FB-A123-4F042B9FD325}"
EndProject
Global
	GlobalSection(SolutionConfigurationPlatforms) = preSolution
		Debug|Any CPU = Debug|Any CPU
		Release|Any CPU = Release|Any CPU
	EndGlobalSection
	GlobalSection(ProjectConfigurationPlatforms) = postSolution
		{372285EA-DF92-42FA-9F15-1733F3C7CCA9}.Debug|Any CPU.ActiveCfg = Debug|Any CPU
		{372285EA-DF92-42FA-9F15-1733F3C7CCA9}.Debug|Any CPU.Build.0 = Debug|Any CPU
		{372285EA-DF92-42FA-9F15-1733F3C7CCA9}.Release|Any CPU.ActiveCfg = Release|Any CPU
		{372285EA-DF92-42FA-9F15-1733F3C7CCA9}.Release|Any CPU.Build.0 = Release|Any CPU
		{4CDF32BD-0C24-49FB-A123-4F042B9FD325}.Debug|Any CPU.ActiveCfg = Debug|Any CPU
		{4CDF32BD-0C24-49FB-A123-4F042B9FD325}.Debug|Any CPU.Build.0 = Debug|Any CPU
		{4CDF32BD-0C24-49FB-A123-4F042B9FD325}.Release|Any CPU.ActiveCfg = Release|Any CPU
		{4CDF32BD-0C24-49FB-A123-4F042B9FD325}.Release|Any CPU.Build.0 = Release|Any CPU
	EndGlobalSection
	GlobalSection(SolutionProperties) = preSolution
		HideSolutionNode = FALSE
	EndGlobalSection
	GlobalSection(ExtensibilityGlobals) = postSolution
		SolutionGuid = {E96F9696-2C96-44BD-8AFD-3ED44CACACAD}
	EndGlobalSection
EndGlobal
